Microsoft Visual Studio Solution File, Format Version 12.00
# Visual Studio Version 17
VisualStudioVersion = 17.5.2.0
MinimumVisualStudioVersion = 10.0.40219.1
Project("{FAE04EC0-301F-11D3-BF4B-00C04F79EFBC}") = "socio", "socio.csproj", "{1210D4EB-A712-C270-50A2-29495E0AC468}"
EndProject
Global
	GlobalSection(SolutionConfigurationPlatforms) = preSolution
		Debug|Any CPU = Debug|Any CPU
		Release|Any CPU = Release|Any CPU
	EndGlobalSection
	GlobalSection(ProjectConfigurationPlatforms) = postSolution
		{1210D4EB-A712-C270-50A2-29495E0AC468}.Debug|Any CPU.ActiveCfg = Debug|Any CPU
		{1210D4EB-A712-C270-50A2-29495E0AC468}.Debug|Any CPU.Build.0 = Debug|Any CPU
		{1210D4EB-A712-C270-50A2-29495E0AC468}.Release|Any CPU.ActiveCfg = Release|Any CPU
		{1210D4EB-A712-C270-50A2-29495E0AC468}.Release|Any CPU.Build.0 = Release|Any CPU
	EndGlobalSection
	GlobalSection(SolutionProperties) = preSolution
		HideSolutionNode = FALSE
	EndGlobalSection
	GlobalSection(ExtensibilityGlobals) = postSolution
		SolutionGuid = {4F37D402-3B5F-48E2-B973-38A6BE5D6162}
	EndGlobalSection
EndGlobal
